
Microsoft Visual Studio Solution File, Format Version 12.00
# Visual Studio Version 17
VisualStudioVersion = 17.8.34525.116
MinimumVisualStudioVersion = 10.0.40219.1
Project("{D954291E-2A0B-460D-934E-DC6B0785DB48}") = "PepDog.Core", "PepDog.Core\PepDog.Core.shproj", "{8C5F7F41-7511-40F2-B0AB-652C3B1D09F9}"
EndProject
Project("{FAE04EC0-301F-11D3-BF4B-00C04F79EFBC}") = "PepDog.URI", "PepDog.URI\PepDog.URI.csproj", "{5EE03174-910A-4CF4-A460-7FC3F1016FB2}"
EndProject
Global
	GlobalSection(SolutionConfigurationPlatforms) = preSolution
		Debug|Any CPU = Debug|Any CPU
		Release|Any CPU = Release|Any CPU
	EndGlobalSection
	GlobalSection(ProjectConfigurationPlatforms) = postSolution
		{5EE03174-910A-4CF4-A460-7FC3F1016FB2}.Debug|Any CPU.ActiveCfg = Debug|Any CPU
		{5EE03174-910A-4CF4-A460-7FC3F1016FB2}.Debug|Any CPU.Build.0 = Debug|Any CPU
		{5EE03174-910A-4CF4-A460-7FC3F1016FB2}.Release|Any CPU.ActiveCfg = Release|Any CPU
		{5EE03174-910A-4CF4-A460-7FC3F1016FB2}.Release|Any CPU.Build.0 = Release|Any CPU
	EndGlobalSection
	GlobalSection(SolutionProperties) = preSolution
		HideSolutionNode = FALSE
	EndGlobalSection
	GlobalSection(ExtensibilityGlobals) = postSolution
		SolutionGuid = {F790067A-ED54-4E7F-9D38-DAF597F160EA}
	EndGlobalSection
	GlobalSection(SharedMSBuildProjectFiles) = preSolution
		PepDog.Core\PepDog.Core.projitems*{5ee03174-910a-4cf4-a460-7fc3f1016fb2}*SharedItemsImports = 4
		PepDog.Core\PepDog.Core.projitems*{8c5f7f41-7511-40f2-b0ab-652c3b1d09f9}*SharedItemsImports = 13
	EndGlobalSection
EndGlobal
